# This file was autogenerated by Stack.
# You should not edit this file by hand.
# For more information, please see the documentation at:
#   https://docs.haskellstack.org/en/stable/lock_files

packages:
- completed:
    commit: 1cb85dabbccf8d7a98e0aec12bf25c68b82f24a0
    git: https://github.com/tgdwyer/doctest.git
    name: doctest
    pantry-tree:
      sha256: 5e61a1dd27001afe28d94b4f847bb66db1d3583eee3dc9ad2830fb7a12f3d491
      size: 10492
    version: 0.22.10
  original:
    commit: 1cb85dabbccf8d7a98e0aec12bf25c68b82f24a0
    git: https://github.com/tgdwyer/doctest.git
snapshots:
- completed:
    sha256: 5a59b2a405b3aba3c00188453be172b85893cab8ebc352b1ef58b0eae5d248a2
    size: 650475
    url: https://raw.githubusercontent.com/commercialhaskell/stackage-snapshots/master/lts/20/26.yaml
  original: lts-20.26
